
Microsoft Visual Studio Solution File, Format Version 12.00
# Visual Studio Version 17
VisualStudioVersion = 17.14.36221.1
MinimumVisualStudioVersion = 10.0.40219.1
Project("{FAE04EC0-301F-11D3-BF4B-00C04F79EFBC}") = "DiceOnlineAPI", "DiceOnlineAPI\DiceOnlineAPI.csproj", "{DDD63212-45D3-48D2-980F-AC0969952BDA}"
EndProject
Global
	GlobalSection(SolutionConfigurationPlatforms) = preSolution
		Debug|Any CPU = Debug|Any CPU
		Release|Any CPU = Release|Any CPU
	EndGlobalSection
	GlobalSection(ProjectConfigurationPlatforms) = postSolution
		{DDD63212-45D3-48D2-980F-AC0969952BDA}.Debug|Any CPU.ActiveCfg = Debug|Any CPU
		{DDD63212-45D3-48D2-980F-AC0969952BDA}.Debug|Any CPU.Build.0 = Debug|Any CPU
		{DDD63212-45D3-48D2-980F-AC0969952BDA}.Release|Any CPU.ActiveCfg = Release|Any CPU
		{DDD63212-45D3-48D2-980F-AC0969952BDA}.Release|Any CPU.Build.0 = Release|Any CPU
	EndGlobalSection
	GlobalSection(SolutionProperties) = preSolution
		HideSolutionNode = FALSE
	EndGlobalSection
	GlobalSection(ExtensibilityGlobals) = postSolution
		SolutionGuid = {2DB258EE-B6E5-4D32-BA81-6BF44C0B3629}
	EndGlobalSection
EndGlobal
